
Microsoft Visual Studio Solution File, Format Version 12.00
# Visual Studio Version 16
VisualStudioVersion = 16.0.30204.135
MinimumVisualStudioVersion = 10.0.40219.1
Project("{FAE04EC0-301F-11D3-BF4B-00C04F79EFBC}") = "API", "API\API.csproj", "{540175FC-F213-4754-A30B-A919D4E77A1E}"
EndProject
Project("{FAE04EC0-301F-11D3-BF4B-00C04F79EFBC}") = "Core", "Core\Core.csproj", "{E2CBE937-1C8C-4C16-89DA-7379B0AEB71D}"
EndProject
Project("{FAE04EC0-301F-11D3-BF4B-00C04F79EFBC}") = "Infrastructure", "Infrastructure\Infrastructure.csproj", "{3B4F4EF2-D027-4FE6-B7AC-E087480FE451}"
EndProject
Global
	GlobalSection(SolutionConfigurationPlatforms) = preSolution
		Debug|Any CPU = Debug|Any CPU
		Release|Any CPU = Release|Any CPU
	EndGlobalSection
	GlobalSection(ProjectConfigurationPlatforms) = postSolution
		{540175FC-F213-4754-A30B-A919D4E77A1E}.Debug|Any CPU.ActiveCfg = Debug|Any CPU
		{540175FC-F213-4754-A30B-A919D4E77A1E}.Debug|Any CPU.Build.0 = Debug|Any CPU
		{540175FC-F213-4754-A30B-A919D4E77A1E}.Release|Any CPU.ActiveCfg = Release|Any CPU
		{540175FC-F213-4754-A30B-A919D4E77A1E}.Release|Any CPU.Build.0 = Release|Any CPU
		{E2CBE937-1C8C-4C16-89DA-7379B0AEB71D}.Debug|Any CPU.ActiveCfg = Debug|Any CPU
		{E2CBE937-1C8C-4C16-89DA-7379B0AEB71D}.Debug|Any CPU.Build.0 = Debug|Any CPU
		{E2CBE937-1C8C-4C16-89DA-7379B0AEB71D}.Release|Any CPU.ActiveCfg = Release|Any CPU
		{E2CBE937-1C8C-4C16-89DA-7379B0AEB71D}.Release|Any CPU.Build.0 = Release|Any CPU
		{3B4F4EF2-D027-4FE6-B7AC-E087480FE451}.Debug|Any CPU.ActiveCfg = Debug|Any CPU
		{3B4F4EF2-D027-4FE6-B7AC-E087480FE451}.Debug|Any CPU.Build.0 = Debug|Any CPU
		{3B4F4EF2-D027-4FE6-B7AC-E087480FE451}.Release|Any CPU.ActiveCfg = Release|Any CPU
		{3B4F4EF2-D027-4FE6-B7AC-E087480FE451}.Release|Any CPU.Build.0 = Release|Any CPU
	EndGlobalSection
	GlobalSection(SolutionProperties) = preSolution
		HideSolutionNode = FALSE
	EndGlobalSection
	GlobalSection(ExtensibilityGlobals) = postSolution
		SolutionGuid = {BD7B63A4-EC27-4D71-BAAD-90261F04637B}
	EndGlobalSection
EndGlobal
