
Microsoft Visual Studio Solution File, Format Version 12.00
# Visual Studio Version 16
VisualStudioVersion = 16.0.30804.86
MinimumVisualStudioVersion = 15.0.26124.0
Project("{9A19103F-16F7-4668-BE54-9A1E7A4F7556}") = "API", "src\API\API.csproj", "{8F431764-6A1B-4533-AD89-D1A5CAF3FE40}"
EndProject
Project("{9A19103F-16F7-4668-BE54-9A1E7A4F7556}") = "Core", "src\Core\Core.csproj", "{EADBAFD1-7424-49EA-BE9C-424FE922222F}"
EndProject
Project("{9A19103F-16F7-4668-BE54-9A1E7A4F7556}") = "Infrastructure", "src\Infrastructure\Infrastructure.csproj", "{6ED49ADA-1B4E-44EA-AA84-8B451B9F2CED}"
EndProject
Project("{2150E333-8FDC-42A3-9474-1A3956D46DE8}") = "src", "src", "{2D252E78-2AB7-4167-9E09-037C91FE5557}"
EndProject
Global
	GlobalSection(SolutionConfigurationPlatforms) = preSolution
		Debug|Any CPU = Debug|Any CPU
		Debug|x64 = Debug|x64
		Debug|x86 = Debug|x86
		Release|Any CPU = Release|Any CPU
		Release|x64 = Release|x64
		Release|x86 = Release|x86
	EndGlobalSection
	GlobalSection(ProjectConfigurationPlatforms) = postSolution
		{8F431764-6A1B-4533-AD89-D1A5CAF3FE40}.Debug|Any CPU.ActiveCfg = Debug|Any CPU
		{8F431764-6A1B-4533-AD89-D1A5CAF3FE40}.Debug|Any CPU.Build.0 = Debug|Any CPU
		{8F431764-6A1B-4533-AD89-D1A5CAF3FE40}.Debug|x64.ActiveCfg = Debug|Any CPU
		{8F431764-6A1B-4533-AD89-D1A5CAF3FE40}.Debug|x64.Build.0 = Debug|Any CPU
		{8F431764-6A1B-4533-AD89-D1A5CAF3FE40}.Debug|x86.ActiveCfg = Debug|Any CPU
		{8F431764-6A1B-4533-AD89-D1A5CAF3FE40}.Debug|x86.Build.0 = Debug|Any CPU
		{8F431764-6A1B-4533-AD89-D1A5CAF3FE40}.Release|Any CPU.ActiveCfg = Release|Any CPU
		{8F431764-6A1B-4533-AD89-D1A5CAF3FE40}.Release|Any CPU.Build.0 = Release|Any CPU
		{8F431764-6A1B-4533-AD89-D1A5CAF3FE40}.Release|x64.ActiveCfg = Release|Any CPU
		{8F431764-6A1B-4533-AD89-D1A5CAF3FE40}.Release|x64.Build.0 = Release|Any CPU
		{8F431764-6A1B-4533-AD89-D1A5CAF3FE40}.Release|x86.ActiveCfg = Release|Any CPU
		{8F431764-6A1B-4533-AD89-D1A5CAF3FE40}.Release|x86.Build.0 = Release|Any CPU
		{EADBAFD1-7424-49EA-BE9C-424FE922222F}.Debug|Any CPU.ActiveCfg = Debug|Any CPU
		{EADBAFD1-7424-49EA-BE9C-424FE922222F}.Debug|Any CPU.Build.0 = Debug|Any CPU
		{EADBAFD1-7424-49EA-BE9C-424FE922222F}.Debug|x64.ActiveCfg = Debug|Any CPU
		{EADBAFD1-7424-49EA-BE9C-424FE922222F}.Debug|x64.Build.0 = Debug|Any CPU
		{EADBAFD1-7424-49EA-BE9C-424FE922222F}.Debug|x86.ActiveCfg = Debug|Any CPU
		{EADBAFD1-7424-49EA-BE9C-424FE922222F}.Debug|x86.Build.0 = Debug|Any CPU
		{EADBAFD1-7424-49EA-BE9C-424FE922222F}.Release|Any CPU.ActiveCfg = Release|Any CPU
		{EADBAFD1-7424-49EA-BE9C-424FE922222F}.Release|Any CPU.Build.0 = Release|Any CPU
		{EADBAFD1-7424-49EA-BE9C-424FE922222F}.Release|x64.ActiveCfg = Release|Any CPU
		{EADBAFD1-7424-49EA-BE9C-424FE922222F}.Release|x64.Build.0 = Release|Any CPU
		{EADBAFD1-7424-49EA-BE9C-424FE922222F}.Release|x86.ActiveCfg = Release|Any CPU
		{EADBAFD1-7424-49EA-BE9C-424FE922222F}.Release|x86.Build.0 = Release|Any CPU
		{6ED49ADA-1B4E-44EA-AA84-8B451B9F2CED}.Debug|Any CPU.ActiveCfg = Debug|Any CPU
		{6ED49ADA-1B4E-44EA-AA84-8B451B9F2CED}.Debug|Any CPU.Build.0 = Debug|Any CPU
		{6ED49ADA-1B4E-44EA-AA84-8B451B9F2CED}.Debug|x64.ActiveCfg = Debug|Any CPU
		{6ED49ADA-1B4E-44EA-AA84-8B451B9F2CED}.Debug|x64.Build.0 = Debug|Any CPU
		{6ED49ADA-1B4E-44EA-AA84-8B451B9F2CED}.Debug|x86.ActiveCfg = Debug|Any CPU
		{6ED49ADA-1B4E-44EA-AA84-8B451B9F2CED}.Debug|x86.Build.0 = Debug|Any CPU
		{6ED49ADA-1B4E-44EA-AA84-8B451B9F2CED}.Release|Any CPU.ActiveCfg = Release|Any CPU
		{6ED49ADA-1B4E-44EA-AA84-8B451B9F2CED}.Release|Any CPU.Build.0 = Release|Any CPU
		{6ED49ADA-1B4E-44EA-AA84-8B451B9F2CED}.Release|x64.ActiveCfg = Release|Any CPU
		{6ED49ADA-1B4E-44EA-AA84-8B451B9F2CED}.Release|x64.Build.0 = Release|Any CPU
		{6ED49ADA-1B4E-44EA-AA84-8B451B9F2CED}.Release|x86.ActiveCfg = Release|Any CPU
		{6ED49ADA-1B4E-44EA-AA84-8B451B9F2CED}.Release|x86.Build.0 = Release|Any CPU
	EndGlobalSection
	GlobalSection(SolutionProperties) = preSolution
		HideSolutionNode = FALSE
	EndGlobalSection
	GlobalSection(NestedProjects) = preSolution
		{8F431764-6A1B-4533-AD89-D1A5CAF3FE40} = {2D252E78-2AB7-4167-9E09-037C91FE5557}
		{EADBAFD1-7424-49EA-BE9C-424FE922222F} = {2D252E78-2AB7-4167-9E09-037C91FE5557}
		{6ED49ADA-1B4E-44EA-AA84-8B451B9F2CED} = {2D252E78-2AB7-4167-9E09-037C91FE5557}
	EndGlobalSection
	GlobalSection(ExtensibilityGlobals) = postSolution
		SolutionGuid = {383CF3B7-9923-46A3-A97D-86C9666134F0}
	EndGlobalSection
EndGlobal
